
Microsoft Visual Studio Solution File, Format Version 12.00
# Visual Studio Version 16
VisualStudioVersion = 16.0.30114.105
MinimumVisualStudioVersion = 10.0.40219.1
Project("{FAE04EC0-301F-11D3-BF4B-00C04F79EFBC}") = "DataAccess", "DataAccess\DataAccess.csproj", "{2BD543CC-12CE-48D3-8A0C-B277C73A5DA5}"
EndProject
Project("{FAE04EC0-301F-11D3-BF4B-00C04F79EFBC}") = "Models", "Models\Models.csproj", "{03BB8F00-ABFA-48BA-B8CE-DCB4B087A565}"
EndProject
Project("{FAE04EC0-301F-11D3-BF4B-00C04F79EFBC}") = "Services", "Services\Services.csproj", "{FFE0CA35-1F52-4838-9E43-F83F8D9A6C28}"
EndProject
Global
	GlobalSection(SolutionConfigurationPlatforms) = preSolution
		Debug|Any CPU = Debug|Any CPU
		Release|Any CPU = Release|Any CPU
	EndGlobalSection
	GlobalSection(SolutionProperties) = preSolution
		HideSolutionNode = FALSE
	EndGlobalSection
	GlobalSection(ProjectConfigurationPlatforms) = postSolution
		{2BD543CC-12CE-48D3-8A0C-B277C73A5DA5}.Debug|Any CPU.ActiveCfg = Debug|Any CPU
		{2BD543CC-12CE-48D3-8A0C-B277C73A5DA5}.Debug|Any CPU.Build.0 = Debug|Any CPU
		{2BD543CC-12CE-48D3-8A0C-B277C73A5DA5}.Release|Any CPU.ActiveCfg = Release|Any CPU
		{2BD543CC-12CE-48D3-8A0C-B277C73A5DA5}.Release|Any CPU.Build.0 = Release|Any CPU
		{03BB8F00-ABFA-48BA-B8CE-DCB4B087A565}.Debug|Any CPU.ActiveCfg = Debug|Any CPU
		{03BB8F00-ABFA-48BA-B8CE-DCB4B087A565}.Debug|Any CPU.Build.0 = Debug|Any CPU
		{03BB8F00-ABFA-48BA-B8CE-DCB4B087A565}.Release|Any CPU.ActiveCfg = Release|Any CPU
		{03BB8F00-ABFA-48BA-B8CE-DCB4B087A565}.Release|Any CPU.Build.0 = Release|Any CPU
		{FFE0CA35-1F52-4838-9E43-F83F8D9A6C28}.Debug|Any CPU.ActiveCfg = Debug|Any CPU
		{FFE0CA35-1F52-4838-9E43-F83F8D9A6C28}.Debug|Any CPU.Build.0 = Debug|Any CPU
		{FFE0CA35-1F52-4838-9E43-F83F8D9A6C28}.Release|Any CPU.ActiveCfg = Release|Any CPU
		{FFE0CA35-1F52-4838-9E43-F83F8D9A6C28}.Release|Any CPU.Build.0 = Release|Any CPU
	EndGlobalSection
EndGlobal
